
Microsoft Visual Studio Solution File, Format Version 12.00
# Visual Studio Version 16
VisualStudioVersion = 16.0.31205.134
MinimumVisualStudioVersion = 10.0.40219.1
Project("{9A19103F-16F7-4668-BE54-9A1E7A4F7556}") = "Valyria.Models", "Valyria.Models\Valyria.Models.csproj", "{837A648F-4632-4F27-9FE2-AB19B7294C50}"
EndProject
Project("{9A19103F-16F7-4668-BE54-9A1E7A4F7556}") = "Api", "src\Api\Api.csproj", "{286794A0-CEF3-4D5E-84C1-EF7DA8791923}"
EndProject
Project("{FAE04EC0-301F-11D3-BF4B-00C04F79EFBC}") = "Repository", "src\Repository\Repository.csproj", "{B390B2D7-86A3-4910-9ED0-5E844BCCF467}"
EndProject
Global
	GlobalSection(SolutionConfigurationPlatforms) = preSolution
		Debug|Any CPU = Debug|Any CPU
		Release|Any CPU = Release|Any CPU
	EndGlobalSection
	GlobalSection(ProjectConfigurationPlatforms) = postSolution
		{837A648F-4632-4F27-9FE2-AB19B7294C50}.Debug|Any CPU.ActiveCfg = Debug|Any CPU
		{837A648F-4632-4F27-9FE2-AB19B7294C50}.Debug|Any CPU.Build.0 = Debug|Any CPU
		{837A648F-4632-4F27-9FE2-AB19B7294C50}.Release|Any CPU.ActiveCfg = Release|Any CPU
		{837A648F-4632-4F27-9FE2-AB19B7294C50}.Release|Any CPU.Build.0 = Release|Any CPU
		{286794A0-CEF3-4D5E-84C1-EF7DA8791923}.Debug|Any CPU.ActiveCfg = Debug|Any CPU
		{286794A0-CEF3-4D5E-84C1-EF7DA8791923}.Debug|Any CPU.Build.0 = Debug|Any CPU
		{286794A0-CEF3-4D5E-84C1-EF7DA8791923}.Release|Any CPU.ActiveCfg = Release|Any CPU
		{286794A0-CEF3-4D5E-84C1-EF7DA8791923}.Release|Any CPU.Build.0 = Release|Any CPU
		{B390B2D7-86A3-4910-9ED0-5E844BCCF467}.Debug|Any CPU.ActiveCfg = Debug|Any CPU
		{B390B2D7-86A3-4910-9ED0-5E844BCCF467}.Debug|Any CPU.Build.0 = Debug|Any CPU
		{B390B2D7-86A3-4910-9ED0-5E844BCCF467}.Release|Any CPU.ActiveCfg = Release|Any CPU
		{B390B2D7-86A3-4910-9ED0-5E844BCCF467}.Release|Any CPU.Build.0 = Release|Any CPU
	EndGlobalSection
	GlobalSection(SolutionProperties) = preSolution
		HideSolutionNode = FALSE
	EndGlobalSection
	GlobalSection(ExtensibilityGlobals) = postSolution
		SolutionGuid = {588D21A8-6D60-41D5-AC67-5AEC159D9900}
	EndGlobalSection
EndGlobal
